
Microsoft Visual Studio Solution File, Format Version 12.00
# Visual Studio 2013
VisualStudioVersion = 12.0.21005.1
MinimumVisualStudioVersion = 10.0.40219.1
Project("{8BC9CEB8-8B4A-11D0-8D11-00A0C91BC942}") = "ork", "ork\ork.vcxproj", "{8B361006-4618-4A69-834D-5C00D6405571}"
EndProject
Project("{8BC9CEB8-8B4A-11D0-8D11-00A0C91BC942}") = "ork.helloworld", "ork\testApp\testApp.vcxproj", "{94E7907F-2869-4F15-8EC4-F6E9405DAC7B}"
EndProject
Project("{8BC9CEB8-8B4A-11D0-8D11-00A0C91BC942}") = "proland.core", "proland\core\core.vcxproj", "{4EE3022B-3EC8-41C9-B0E6-18FC154CDB3B}"
EndProject
Project("{2150E333-8FDC-42A3-9474-1A3956D46DE8}") = "samples", "samples", "{FF6E9D97-1820-4092-8C39-6C9B93EF2282}"
EndProject
Project("{8BC9CEB8-8B4A-11D0-8D11-00A0C91BC942}") = "proland.core.helloworld", "proland\core\examples\helloworld\helloworld.vcxproj", "{D005FB48-1D9E-4770-8B6E-EDC1B7726C05}"
EndProject
Project("{8BC9CEB8-8B4A-11D0-8D11-00A0C91BC942}") = "proland.atmo", "proland\atmo\atmo.vcxproj", "{B3E53093-F798-4980-AAAE-FEF9E467A047}"
EndProject
Project("{8BC9CEB8-8B4A-11D0-8D11-00A0C91BC942}") = "proland.atmo.helloworld", "proland\atmo\examples\atmo\atmo.vcxproj", "{0149037D-E371-48F4-93FD-1E820BA6224D}"
EndProject
Project("{8BC9CEB8-8B4A-11D0-8D11-00A0C91BC942}") = "proland.terrain", "proland\terrain\terrain.vcxproj", "{FCB365D8-E9DA-45EB-A27C-B9D68BC21FC3}"
EndProject
Project("{8BC9CEB8-8B4A-11D0-8D11-00A0C91BC942}") = "proland.terrain.exercise1", "proland\terrain\examples\exercise1\exercise1.vcxproj", "{EF26DFF5-06C7-4F46-B83B-5CE8A8B7D3CC}"
EndProject
Project("{8BC9CEB8-8B4A-11D0-8D11-00A0C91BC942}") = "proland.ocean", "proland\ocean\ocean.vcxproj", "{96EE99CE-E661-4103-A354-DFC7CDE44287}"
EndProject
Project("{8BC9CEB8-8B4A-11D0-8D11-00A0C91BC942}") = "proland.graph", "proland\graph\graph.vcxproj", "{861B6E88-19E9-4DED-BFF9-58A642BF1783}"
EndProject
Project("{8BC9CEB8-8B4A-11D0-8D11-00A0C91BC942}") = "proland.terrain.exercise2", "proland\terrain\examples\exercise2\exercise2.vcxproj", "{991F367A-D991-4ACA-9342-5AD44BE07C6B}"
EndProject
Project("{8BC9CEB8-8B4A-11D0-8D11-00A0C91BC942}") = "proland.terrain.terrain1", "proland\terrain\examples\terrain1\terrain1.vcxproj", "{BBAC916E-F3BE-4FB2-BECB-F76E75544161}"
EndProject
Project("{8BC9CEB8-8B4A-11D0-8D11-00A0C91BC942}") = "proland.terrain.terrain2", "proland\terrain\examples\terrain2\terrain2.vcxproj", "{50A05017-50DD-448F-9C50-BB1C8A3B9D03}"
EndProject
Project("{8BC9CEB8-8B4A-11D0-8D11-00A0C91BC942}") = "proland.terrain.terrain3", "proland\terrain\examples\terrain3\terrain3.vcxproj", "{19D241D8-DFF7-459B-A139-D2B5524581DF}"
EndProject
Project("{8BC9CEB8-8B4A-11D0-8D11-00A0C91BC942}") = "proland.terrain.terrain4", "proland\terrain\examples\terrain4\terrain4.vcxproj", "{8AAE125E-D154-4884-A026-D85B55BEBC43}"
EndProject
Project("{8BC9CEB8-8B4A-11D0-8D11-00A0C91BC942}") = "proland.terrain.terrain5", "proland\terrain\examples\terrain5\terrain5.vcxproj", "{B47CC902-3E1B-470E-9BB6-41B7D852D06E}"
EndProject
Project("{8BC9CEB8-8B4A-11D0-8D11-00A0C91BC942}") = "proland.graph.helloworld", "proland\graph\examples\graph1\graph1.vcxproj", "{C663B768-FA60-4F57-980C-66BF1E682599}"
EndProject
Project("{8BC9CEB8-8B4A-11D0-8D11-00A0C91BC942}") = "proland.edit", "proland\edit\edit.vcxproj", "{427E1468-4E5F-488B-87CA-E0EB25D2EB9B}"
EndProject
Global
	GlobalSection(SolutionConfigurationPlatforms) = preSolution
		Debug|Win32 = Debug|Win32
		Examples|Win32 = Examples|Win32
		Release|Win32 = Release|Win32
		Test|Win32 = Test|Win32
	EndGlobalSection
	GlobalSection(ProjectConfigurationPlatforms) = postSolution
		{8B361006-4618-4A69-834D-5C00D6405571}.Debug|Win32.ActiveCfg = Debug|Win32
		{8B361006-4618-4A69-834D-5C00D6405571}.Debug|Win32.Build.0 = Debug|Win32
		{8B361006-4618-4A69-834D-5C00D6405571}.Examples|Win32.ActiveCfg = Examples|Win32
		{8B361006-4618-4A69-834D-5C00D6405571}.Examples|Win32.Build.0 = Examples|Win32
		{8B361006-4618-4A69-834D-5C00D6405571}.Release|Win32.ActiveCfg = Release|Win32
		{8B361006-4618-4A69-834D-5C00D6405571}.Release|Win32.Build.0 = Release|Win32
		{8B361006-4618-4A69-834D-5C00D6405571}.Test|Win32.ActiveCfg = Test|Win32
		{8B361006-4618-4A69-834D-5C00D6405571}.Test|Win32.Build.0 = Test|Win32
		{94E7907F-2869-4F15-8EC4-F6E9405DAC7B}.Debug|Win32.ActiveCfg = Debug|Win32
		{94E7907F-2869-4F15-8EC4-F6E9405DAC7B}.Debug|Win32.Build.0 = Debug|Win32
		{94E7907F-2869-4F15-8EC4-F6E9405DAC7B}.Examples|Win32.ActiveCfg = Release|Win32
		{94E7907F-2869-4F15-8EC4-F6E9405DAC7B}.Examples|Win32.Build.0 = Release|Win32
		{94E7907F-2869-4F15-8EC4-F6E9405DAC7B}.Release|Win32.ActiveCfg = Release|Win32
		{94E7907F-2869-4F15-8EC4-F6E9405DAC7B}.Release|Win32.Build.0 = Release|Win32
		{94E7907F-2869-4F15-8EC4-F6E9405DAC7B}.Test|Win32.ActiveCfg = Release|Win32
		{94E7907F-2869-4F15-8EC4-F6E9405DAC7B}.Test|Win32.Build.0 = Release|Win32
		{4EE3022B-3EC8-41C9-B0E6-18FC154CDB3B}.Debug|Win32.ActiveCfg = Debug|Win32
		{4EE3022B-3EC8-41C9-B0E6-18FC154CDB3B}.Debug|Win32.Build.0 = Debug|Win32
		{4EE3022B-3EC8-41C9-B0E6-18FC154CDB3B}.Examples|Win32.ActiveCfg = Release|Win32
		{4EE3022B-3EC8-41C9-B0E6-18FC154CDB3B}.Examples|Win32.Build.0 = Release|Win32
		{4EE3022B-3EC8-41C9-B0E6-18FC154CDB3B}.Release|Win32.ActiveCfg = Release|Win32
		{4EE3022B-3EC8-41C9-B0E6-18FC154CDB3B}.Release|Win32.Build.0 = Release|Win32
		{4EE3022B-3EC8-41C9-B0E6-18FC154CDB3B}.Test|Win32.ActiveCfg = Release|Win32
		{4EE3022B-3EC8-41C9-B0E6-18FC154CDB3B}.Test|Win32.Build.0 = Release|Win32
		{D005FB48-1D9E-4770-8B6E-EDC1B7726C05}.Debug|Win32.ActiveCfg = Debug|Win32
		{D005FB48-1D9E-4770-8B6E-EDC1B7726C05}.Debug|Win32.Build.0 = Debug|Win32
		{D005FB48-1D9E-4770-8B6E-EDC1B7726C05}.Examples|Win32.ActiveCfg = Release|Win32
		{D005FB48-1D9E-4770-8B6E-EDC1B7726C05}.Examples|Win32.Build.0 = Release|Win32
		{D005FB48-1D9E-4770-8B6E-EDC1B7726C05}.Release|Win32.ActiveCfg = Release|Win32
		{D005FB48-1D9E-4770-8B6E-EDC1B7726C05}.Release|Win32.Build.0 = Release|Win32
		{D005FB48-1D9E-4770-8B6E-EDC1B7726C05}.Test|Win32.ActiveCfg = Release|Win32
		{D005FB48-1D9E-4770-8B6E-EDC1B7726C05}.Test|Win32.Build.0 = Release|Win32
		{B3E53093-F798-4980-AAAE-FEF9E467A047}.Debug|Win32.ActiveCfg = Debug|Win32
		{B3E53093-F798-4980-AAAE-FEF9E467A047}.Debug|Win32.Build.0 = Debug|Win32
		{B3E53093-F798-4980-AAAE-FEF9E467A047}.Examples|Win32.ActiveCfg = Release|Win32
		{B3E53093-F798-4980-AAAE-FEF9E467A047}.Examples|Win32.Build.0 = Release|Win32
		{B3E53093-F798-4980-AAAE-FEF9E467A047}.Release|Win32.ActiveCfg = Release|Win32
		{B3E53093-F798-4980-AAAE-FEF9E467A047}.Release|Win32.Build.0 = Release|Win32
		{B3E53093-F798-4980-AAAE-FEF9E467A047}.Test|Win32.ActiveCfg = Release|Win32
		{B3E53093-F798-4980-AAAE-FEF9E467A047}.Test|Win32.Build.0 = Release|Win32
		{0149037D-E371-48F4-93FD-1E820BA6224D}.Debug|Win32.ActiveCfg = Debug|Win32
		{0149037D-E371-48F4-93FD-1E820BA6224D}.Debug|Win32.Build.0 = Debug|Win32
		{0149037D-E371-48F4-93FD-1E820BA6224D}.Examples|Win32.ActiveCfg = Release|Win32
		{0149037D-E371-48F4-93FD-1E820BA6224D}.Examples|Win32.Build.0 = Release|Win32
		{0149037D-E371-48F4-93FD-1E820BA6224D}.Release|Win32.ActiveCfg = Release|Win32
		{0149037D-E371-48F4-93FD-1E820BA6224D}.Release|Win32.Build.0 = Release|Win32
		{0149037D-E371-48F4-93FD-1E820BA6224D}.Test|Win32.ActiveCfg = Release|Win32
		{0149037D-E371-48F4-93FD-1E820BA6224D}.Test|Win32.Build.0 = Release|Win32
		{FCB365D8-E9DA-45EB-A27C-B9D68BC21FC3}.Debug|Win32.ActiveCfg = Debug|Win32
		{FCB365D8-E9DA-45EB-A27C-B9D68BC21FC3}.Debug|Win32.Build.0 = Debug|Win32
		{FCB365D8-E9DA-45EB-A27C-B9D68BC21FC3}.Examples|Win32.ActiveCfg = Release|Win32
		{FCB365D8-E9DA-45EB-A27C-B9D68BC21FC3}.Examples|Win32.Build.0 = Release|Win32
		{FCB365D8-E9DA-45EB-A27C-B9D68BC21FC3}.Release|Win32.ActiveCfg = Release|Win32
		{FCB365D8-E9DA-45EB-A27C-B9D68BC21FC3}.Release|Win32.Build.0 = Release|Win32
		{FCB365D8-E9DA-45EB-A27C-B9D68BC21FC3}.Test|Win32.ActiveCfg = Release|Win32
		{FCB365D8-E9DA-45EB-A27C-B9D68BC21FC3}.Test|Win32.Build.0 = Release|Win32
		{EF26DFF5-06C7-4F46-B83B-5CE8A8B7D3CC}.Debug|Win32.ActiveCfg = Debug|Win32
		{EF26DFF5-06C7-4F46-B83B-5CE8A8B7D3CC}.Debug|Win32.Build.0 = Debug|Win32
		{EF26DFF5-06C7-4F46-B83B-5CE8A8B7D3CC}.Examples|Win32.ActiveCfg = Release|Win32
		{EF26DFF5-06C7-4F46-B83B-5CE8A8B7D3CC}.Examples|Win32.Build.0 = Release|Win32
		{EF26DFF5-06C7-4F46-B83B-5CE8A8B7D3CC}.Release|Win32.ActiveCfg = Release|Win32
		{EF26DFF5-06C7-4F46-B83B-5CE8A8B7D3CC}.Release|Win32.Build.0 = Release|Win32
		{EF26DFF5-06C7-4F46-B83B-5CE8A8B7D3CC}.Test|Win32.ActiveCfg = Release|Win32
		{EF26DFF5-06C7-4F46-B83B-5CE8A8B7D3CC}.Test|Win32.Build.0 = Release|Win32
		{96EE99CE-E661-4103-A354-DFC7CDE44287}.Debug|Win32.ActiveCfg = Debug|Win32
		{96EE99CE-E661-4103-A354-DFC7CDE44287}.Debug|Win32.Build.0 = Debug|Win32
		{96EE99CE-E661-4103-A354-DFC7CDE44287}.Examples|Win32.ActiveCfg = Release|Win32
		{96EE99CE-E661-4103-A354-DFC7CDE44287}.Examples|Win32.Build.0 = Release|Win32
		{96EE99CE-E661-4103-A354-DFC7CDE44287}.Release|Win32.ActiveCfg = Release|Win32
		{96EE99CE-E661-4103-A354-DFC7CDE44287}.Release|Win32.Build.0 = Release|Win32
		{96EE99CE-E661-4103-A354-DFC7CDE44287}.Test|Win32.ActiveCfg = Release|Win32
		{96EE99CE-E661-4103-A354-DFC7CDE44287}.Test|Win32.Build.0 = Release|Win32
		{861B6E88-19E9-4DED-BFF9-58A642BF1783}.Debug|Win32.ActiveCfg = Debug|Win32
		{861B6E88-19E9-4DED-BFF9-58A642BF1783}.Debug|Win32.Build.0 = Debug|Win32
		{861B6E88-19E9-4DED-BFF9-58A642BF1783}.Examples|Win32.ActiveCfg = Release|Win32
		{861B6E88-19E9-4DED-BFF9-58A642BF1783}.Examples|Win32.Build.0 = Release|Win32
		{861B6E88-19E9-4DED-BFF9-58A642BF1783}.Release|Win32.ActiveCfg = Release|Win32
		{861B6E88-19E9-4DED-BFF9-58A642BF1783}.Release|Win32.Build.0 = Release|Win32
		{861B6E88-19E9-4DED-BFF9-58A642BF1783}.Test|Win32.ActiveCfg = Release|Win32
		{861B6E88-19E9-4DED-BFF9-58A642BF1783}.Test|Win32.Build.0 = Release|Win32
		{991F367A-D991-4ACA-9342-5AD44BE07C6B}.Debug|Win32.ActiveCfg = Debug|Win32
		{991F367A-D991-4ACA-9342-5AD44BE07C6B}.Debug|Win32.Build.0 = Debug|Win32
		{991F367A-D991-4ACA-9342-5AD44BE07C6B}.Examples|Win32.ActiveCfg = Release|Win32
		{991F367A-D991-4ACA-9342-5AD44BE07C6B}.Examples|Win32.Build.0 = Release|Win32
		{991F367A-D991-4ACA-9342-5AD44BE07C6B}.Release|Win32.ActiveCfg = Release|Win32
		{991F367A-D991-4ACA-9342-5AD44BE07C6B}.Release|Win32.Build.0 = Release|Win32
		{991F367A-D991-4ACA-9342-5AD44BE07C6B}.Test|Win32.ActiveCfg = Release|Win32
		{991F367A-D991-4ACA-9342-5AD44BE07C6B}.Test|Win32.Build.0 = Release|Win32
		{BBAC916E-F3BE-4FB2-BECB-F76E75544161}.Debug|Win32.ActiveCfg = Debug|Win32
		{BBAC916E-F3BE-4FB2-BECB-F76E75544161}.Debug|Win32.Build.0 = Debug|Win32
		{BBAC916E-F3BE-4FB2-BECB-F76E75544161}.Examples|Win32.ActiveCfg = Release|Win32
		{BBAC916E-F3BE-4FB2-BECB-F76E75544161}.Examples|Win32.Build.0 = Release|Win32
		{BBAC916E-F3BE-4FB2-BECB-F76E75544161}.Release|Win32.ActiveCfg = Release|Win32
		{BBAC916E-F3BE-4FB2-BECB-F76E75544161}.Release|Win32.Build.0 = Release|Win32
		{BBAC916E-F3BE-4FB2-BECB-F76E75544161}.Test|Win32.ActiveCfg = Release|Win32
		{BBAC916E-F3BE-4FB2-BECB-F76E75544161}.Test|Win32.Build.0 = Release|Win32
		{50A05017-50DD-448F-9C50-BB1C8A3B9D03}.Debug|Win32.ActiveCfg = Debug|Win32
		{50A05017-50DD-448F-9C50-BB1C8A3B9D03}.Debug|Win32.Build.0 = Debug|Win32
		{50A05017-50DD-448F-9C50-BB1C8A3B9D03}.Examples|Win32.ActiveCfg = Release|Win32
		{50A05017-50DD-448F-9C50-BB1C8A3B9D03}.Examples|Win32.Build.0 = Release|Win32
		{50A05017-50DD-448F-9C50-BB1C8A3B9D03}.Release|Win32.ActiveCfg = Release|Win32
		{50A05017-50DD-448F-9C50-BB1C8A3B9D03}.Release|Win32.Build.0 = Release|Win32
		{50A05017-50DD-448F-9C50-BB1C8A3B9D03}.Test|Win32.ActiveCfg = Release|Win32
		{50A05017-50DD-448F-9C50-BB1C8A3B9D03}.Test|Win32.Build.0 = Release|Win32
		{19D241D8-DFF7-459B-A139-D2B5524581DF}.Debug|Win32.ActiveCfg = Debug|Win32
		{19D241D8-DFF7-459B-A139-D2B5524581DF}.Debug|Win32.Build.0 = Debug|Win32
		{19D241D8-DFF7-459B-A139-D2B5524581DF}.Examples|Win32.ActiveCfg = Release|Win32
		{19D241D8-DFF7-459B-A139-D2B5524581DF}.Examples|Win32.Build.0 = Release|Win32
		{19D241D8-DFF7-459B-A139-D2B5524581DF}.Release|Win32.ActiveCfg = Release|Win32
		{19D241D8-DFF7-459B-A139-D2B5524581DF}.Release|Win32.Build.0 = Release|Win32
		{19D241D8-DFF7-459B-A139-D2B5524581DF}.Test|Win32.ActiveCfg = Release|Win32
		{19D241D8-DFF7-459B-A139-D2B5524581DF}.Test|Win32.Build.0 = Release|Win32
		{8AAE125E-D154-4884-A026-D85B55BEBC43}.Debug|Win32.ActiveCfg = Debug|Win32
		{8AAE125E-D154-4884-A026-D85B55BEBC43}.Debug|Win32.Build.0 = Debug|Win32
		{8AAE125E-D154-4884-A026-D85B55BEBC43}.Examples|Win32.ActiveCfg = Release|Win32
		{8AAE125E-D154-4884-A026-D85B55BEBC43}.Examples|Win32.Build.0 = Release|Win32
		{8AAE125E-D154-4884-A026-D85B55BEBC43}.Release|Win32.ActiveCfg = Release|Win32
		{8AAE125E-D154-4884-A026-D85B55BEBC43}.Release|Win32.Build.0 = Release|Win32
		{8AAE125E-D154-4884-A026-D85B55BEBC43}.Test|Win32.ActiveCfg = Release|Win32
		{8AAE125E-D154-4884-A026-D85B55BEBC43}.Test|Win32.Build.0 = Release|Win32
		{B47CC902-3E1B-470E-9BB6-41B7D852D06E}.Debug|Win32.ActiveCfg = Debug|Win32
		{B47CC902-3E1B-470E-9BB6-41B7D852D06E}.Debug|Win32.Build.0 = Debug|Win32
		{B47CC902-3E1B-470E-9BB6-41B7D852D06E}.Examples|Win32.ActiveCfg = Release|Win32
		{B47CC902-3E1B-470E-9BB6-41B7D852D06E}.Examples|Win32.Build.0 = Release|Win32
		{B47CC902-3E1B-470E-9BB6-41B7D852D06E}.Release|Win32.ActiveCfg = Release|Win32
		{B47CC902-3E1B-470E-9BB6-41B7D852D06E}.Release|Win32.Build.0 = Release|Win32
		{B47CC902-3E1B-470E-9BB6-41B7D852D06E}.Test|Win32.ActiveCfg = Release|Win32
		{B47CC902-3E1B-470E-9BB6-41B7D852D06E}.Test|Win32.Build.0 = Release|Win32
		{C663B768-FA60-4F57-980C-66BF1E682599}.Debug|Win32.ActiveCfg = Debug|Win32
		{C663B768-FA60-4F57-980C-66BF1E682599}.Debug|Win32.Build.0 = Debug|Win32
		{C663B768-FA60-4F57-980C-66BF1E682599}.Examples|Win32.ActiveCfg = Release|Win32
		{C663B768-FA60-4F57-980C-66BF1E682599}.Examples|Win32.Build.0 = Release|Win32
		{C663B768-FA60-4F57-980C-66BF1E682599}.Release|Win32.ActiveCfg = Release|Win32
		{C663B768-FA60-4F57-980C-66BF1E682599}.Release|Win32.Build.0 = Release|Win32
		{C663B768-FA60-4F57-980C-66BF1E682599}.Test|Win32.ActiveCfg = Release|Win32
		{C663B768-FA60-4F57-980C-66BF1E682599}.Test|Win32.Build.0 = Release|Win32
		{427E1468-4E5F-488B-87CA-E0EB25D2EB9B}.Debug|Win32.ActiveCfg = Debug|Win32
		{427E1468-4E5F-488B-87CA-E0EB25D2EB9B}.Debug|Win32.Build.0 = Debug|Win32
		{427E1468-4E5F-488B-87CA-E0EB25D2EB9B}.Examples|Win32.ActiveCfg = Release|Win32
		{427E1468-4E5F-488B-87CA-E0EB25D2EB9B}.Examples|Win32.Build.0 = Release|Win32
		{427E1468-4E5F-488B-87CA-E0EB25D2EB9B}.Release|Win32.ActiveCfg = Release|Win32
		{427E1468-4E5F-488B-87CA-E0EB25D2EB9B}.Release|Win32.Build.0 = Release|Win32
		{427E1468-4E5F-488B-87CA-E0EB25D2EB9B}.Test|Win32.ActiveCfg = Release|Win32
		{427E1468-4E5F-488B-87CA-E0EB25D2EB9B}.Test|Win32.Build.0 = Release|Win32
	EndGlobalSection
	GlobalSection(SolutionProperties) = preSolution
		HideSolutionNode = FALSE
	EndGlobalSection
	GlobalSection(NestedProjects) = preSolution
		{94E7907F-2869-4F15-8EC4-F6E9405DAC7B} = {FF6E9D97-1820-4092-8C39-6C9B93EF2282}
		{D005FB48-1D9E-4770-8B6E-EDC1B7726C05} = {FF6E9D97-1820-4092-8C39-6C9B93EF2282}
		{0149037D-E371-48F4-93FD-1E820BA6224D} = {FF6E9D97-1820-4092-8C39-6C9B93EF2282}
		{EF26DFF5-06C7-4F46-B83B-5CE8A8B7D3CC} = {FF6E9D97-1820-4092-8C39-6C9B93EF2282}
		{991F367A-D991-4ACA-9342-5AD44BE07C6B} = {FF6E9D97-1820-4092-8C39-6C9B93EF2282}
		{BBAC916E-F3BE-4FB2-BECB-F76E75544161} = {FF6E9D97-1820-4092-8C39-6C9B93EF2282}
		{50A05017-50DD-448F-9C50-BB1C8A3B9D03} = {FF6E9D97-1820-4092-8C39-6C9B93EF2282}
		{19D241D8-DFF7-459B-A139-D2B5524581DF} = {FF6E9D97-1820-4092-8C39-6C9B93EF2282}
		{8AAE125E-D154-4884-A026-D85B55BEBC43} = {FF6E9D97-1820-4092-8C39-6C9B93EF2282}
		{B47CC902-3E1B-470E-9BB6-41B7D852D06E} = {FF6E9D97-1820-4092-8C39-6C9B93EF2282}
		{C663B768-FA60-4F57-980C-66BF1E682599} = {FF6E9D97-1820-4092-8C39-6C9B93EF2282}
	EndGlobalSection
EndGlobal
